<?xml version="1.0" encoding="utf-8"?>
<Project ToolsVersion="4.0" xmlns="http://schemas.microsoft.com/developer/msbuild/2003">
  <ItemGroup>
    <Filter Include="Source Files">
      <UniqueIdentifier>{bfb881d4-d22b-4d98-b02d-ac3a38e55af9}</UniqueIdentifier>
      <Extensions>cpp;c;cxx;rc;def;r;odl;idl;hpj;bat</Extensions>
    </Filter>
    <Filter Include="Header Files">
      <UniqueIdentifier>{bf258343-0ef2-4015-865b-34de53cb4c30}</UniqueIdentifier>
      <Extensions>h;hpp;hxx;hm;inl</Extensions>
    </Filter>
    <Filter Include="Resource Files">
      <UniqueIdentifier>{01b11703-d31e-4123-9d4b-d627868cead6}</UniqueIdentifier>
      <Extensions>ico;cur;bmp;dlg;rc2;rct;bin;rgs;gif;jpg;jpeg;jpe</Extensions>
    </Filter>
  </ItemGroup>
  <ItemGroup>
    <ClCompile Include="display_ppm.cpp">
      <Filter>Source Files</Filter>
    </ClCompile>
  </ItemGroup>
  <ItemGroup>
    <ClInclude Include="icMatrix.H">
      <Filter>Header Files</Filter>
    </ClInclude>
    <ClInclude Include="icVector.H">
      <Filter>Header Files</Filter>
    </ClInclude>
    <ClInclude Include="ppm.h">
      <Filter>Header Files</Filter>
    </ClInclude>
  </ItemGroup>
</Project>